<?xml version="1.0" encoding="utf-8"?>
<Project ToolsVersion="4.0" xmlns="http://schemas.microsoft.com/developer/msbuild/2003">
  <ItemGroup>
    <Filter Include="소스 파일">
      <UniqueIdentifier>{4FC737F1-C7A5-4376-A066-2A32D752A2FF}</UniqueIdentifier>
      <Extensions>cpp;c;cc;cxx;c++;cppm;ixx;def;odl;idl;hpj;bat;asm;asmx</Extensions>
    </Filter>
    <Filter Include="헤더 파일">
      <UniqueIdentifier>{93995380-89BD-4b04-88EB-625FBE52EBFB}</UniqueIdentifier>
      <Extensions>h;hh;hpp;hxx;h++;hm;inl;inc;ipp;xsd</Extensions>
    </Filter>
    <Filter Include="리소스 파일">
      <UniqueIdentifier>{67DA6AB6-F800-4c08-8B7A-83BB121AAD01}</UniqueIdentifier>
      <Extensions>rc;ico;cur;bmp;dlg;rc2;rct;bin;rgs;gif;jpg;jpeg;jpe;resx;tiff;tif;png;wav;mfcribbon-ms</Extensions>
    </Filter>
    <Filter Include="소스 파일\static%28singletone_pattern%29">
      <UniqueIdentifier>{eca1756c-6653-40e9-b4f7-b8c6f60a26bf}</UniqueIdentifier>
    </Filter>
    <Filter Include="소스 파일\operation_overloading">
      <UniqueIdentifier>{772c7d2e-aa24-41cd-ab64-011ccb1e337b}</UniqueIdentifier>
    </Filter>
    <Filter Include="소스 파일\friend">
      <UniqueIdentifier>{549602a9-cad6-4d9d-81e1-27472f32f245}</UniqueIdentifier>
    </Filter>
    <Filter Include="소스 파일\inheritance">
      <UniqueIdentifier>{c5da1fa0-ed8f-4f51-b8da-6ffeaca58c95}</UniqueIdentifier>
    </Filter>
    <Filter Include="소스 파일\dynamic_cast">
      <UniqueIdentifier>{ccdcbd44-23b4-41f2-8355-0f298519c25d}</UniqueIdentifier>
    </Filter>
    <Filter Include="소스 파일\polymorphism">
      <UniqueIdentifier>{e92dd558-3934-44a6-afac-5ecb512d066c}</UniqueIdentifier>
    </Filter>
    <Filter Include="소스 파일\pure_virtual_method">
      <UniqueIdentifier>{b918447e-7c91-4d5d-9022-dcdac3fd3ffe}</UniqueIdentifier>
    </Filter>
    <Filter Include="소스 파일\file_io">
      <UniqueIdentifier>{b98a285d-4111-4948-987f-8d536cbd4d3a}</UniqueIdentifier>
    </Filter>
    <Filter Include="소스 파일\Exception_handling">
      <UniqueIdentifier>{a2b8ade0-ce34-43bd-a90a-14787910a0e2}</UniqueIdentifier>
    </Filter>
    <Filter Include="소스 파일\template">
      <UniqueIdentifier>{ac527f1e-63f9-4207-9db3-450d2f08b387}</UniqueIdentifier>
    </Filter>
    <Filter Include="소스 파일\STL">
      <UniqueIdentifier>{6d477255-aaa7-4bfe-b40a-2e2a6caf790d}</UniqueIdentifier>
    </Filter>
    <Filter Include="소스 파일\lambda">
      <UniqueIdentifier>{c8b62c0c-b7a8-4f76-bd0e-d6cac27b228f}</UniqueIdentifier>
    </Filter>
    <Filter Include="소스 파일\exmaple">
      <UniqueIdentifier>{29247e8f-883b-4319-968b-72859b8313df}</UniqueIdentifier>
    </Filter>
    <Filter Include="소스 파일\exmaple\chapter_1">
      <UniqueIdentifier>{e6be6cc4-aa51-4644-9b0e-06d0e2962e2b}</UniqueIdentifier>
    </Filter>
    <Filter Include="소스 파일\exmaple\chapter_2">
      <UniqueIdentifier>{b5407cf9-41c4-4691-ad5f-3b911cc2d856}</UniqueIdentifier>
    </Filter>
    <Filter Include="소스 파일\exmaple\chapter_3">
      <UniqueIdentifier>{e1c45a4e-f0d6-44db-ac67-0cb6e3af95e3}</UniqueIdentifier>
    </Filter>
    <Filter Include="소스 파일\exmaple\chapter_4">
      <UniqueIdentifier>{e5a4f7b0-9748-491b-8fbe-08681c602d2e}</UniqueIdentifier>
    </Filter>
    <Filter Include="소스 파일\exmaple\chapter_5">
      <UniqueIdentifier>{b7d202d3-f60b-48f1-9148-23025d72fc3c}</UniqueIdentifier>
    </Filter>
    <Filter Include="소스 파일\exmaple\chapter_6">
      <UniqueIdentifier>{6d0cf6df-7f0a-4b9f-92a8-9527a368eff7}</UniqueIdentifier>
    </Filter>
    <Filter Include="소스 파일\exmaple\chapter_7">
      <UniqueIdentifier>{7170c0e2-4656-496b-afdd-84a77d1ec157}</UniqueIdentifier>
    </Filter>
    <Filter Include="소스 파일\exmaple\chapter_8">
      <UniqueIdentifier>{7b02bab7-6868-46fd-9a65-c5934703f503}</UniqueIdentifier>
    </Filter>
  </ItemGroup>
  <ItemGroup>
    <ClCompile Include="singleton.cpp">
      <Filter>소스 파일\static%28singletone_pattern%29</Filter>
    </ClCompile>
    <ClCompile Include="singleton_example.cpp">
      <Filter>소스 파일\static%28singletone_pattern%29</Filter>
    </ClCompile>
    <ClCompile Include="static.cpp">
      <Filter>소스 파일\static%28singletone_pattern%29</Filter>
    </ClCompile>
    <ClCompile Include="op_overloading1.cpp">
      <Filter>소스 파일\operation_overloading</Filter>
    </ClCompile>
    <ClCompile Include="op_overloading2.cpp">
      <Filter>소스 파일\operation_overloading</Filter>
    </ClCompile>
    <ClCompile Include="pointer_overloading.cpp">
      <Filter>소스 파일\operation_overloading</Filter>
    </ClCompile>
    <ClCompile Include="friend1.cpp">
      <Filter>소스 파일\friend</Filter>
    </ClCompile>
    <ClCompile Include="friend2_redirection_overloading.cpp">
      <Filter>소스 파일\friend</Filter>
    </ClCompile>
    <ClCompile Include="inheritance1.cpp">
      <Filter>소스 파일\inheritance</Filter>
    </ClCompile>
    <ClCompile Include="inheritance2.cpp">
      <Filter>소스 파일\inheritance</Filter>
    </ClCompile>
    <ClCompile Include="method_overriding.cpp">
      <Filter>소스 파일\inheritance</Filter>
    </ClCompile>
    <ClCompile Include="Polymorphism1.cpp">
      <Filter>소스 파일\inheritance</Filter>
    </ClCompile>
    <ClCompile Include="dynamic_cast.cpp">
      <Filter>소스 파일\dynamic_cast</Filter>
    </ClCompile>
    <ClCompile Include="dynamic_cast2.cpp">
      <Filter>소스 파일\dynamic_cast</Filter>
    </ClCompile>
    <ClCompile Include="dynamic_cast3.cpp">
      <Filter>소스 파일\dynamic_cast</Filter>
    </ClCompile>
    <ClCompile Include="dynamic_cast4.cpp">
      <Filter>소스 파일\dynamic_cast</Filter>
    </ClCompile>
    <ClCompile Include="casting_example.cpp">
      <Filter>소스 파일\dynamic_cast</Filter>
    </ClCompile>
    <ClCompile Include="casting_example2.cpp">
      <Filter>소스 파일\dynamic_cast</Filter>
    </ClCompile>
    <ClCompile Include="static_binding.cpp">
      <Filter>소스 파일\polymorphism</Filter>
    </ClCompile>
    <ClCompile Include="dynamic_binding.cpp">
      <Filter>소스 파일\polymorphism</Filter>
    </ClCompile>
    <ClCompile Include="dynamic_binding_example2.cpp">
      <Filter>소스 파일\polymorphism</Filter>
    </ClCompile>
    <ClCompile Include="interface.cpp">
      <Filter>소스 파일\pure_virtual_method</Filter>
    </ClCompile>
    <ClCompile Include="interface_example.cpp">
      <Filter>소스 파일\pure_virtual_method</Filter>
    </ClCompile>
    <ClCompile Include="io1.cpp">
      <Filter>소스 파일\file_io</Filter>
    </ClCompile>
    <ClCompile Include="io2.cpp">
      <Filter>소스 파일\file_io</Filter>
    </ClCompile>
    <ClCompile Include="binary_write.cpp">
      <Filter>소스 파일\file_io</Filter>
    </ClCompile>
    <ClCompile Include="binary_read.cpp">
      <Filter>소스 파일\file_io</Filter>
    </ClCompile>
    <ClCompile Include="random_access_file.cpp">
      <Filter>소스 파일\file_io</Filter>
    </ClCompile>
    <ClCompile Include="exception_handling.cpp">
      <Filter>소스 파일\Exception_handling</Filter>
    </ClCompile>
    <ClCompile Include="template1.cpp">
      <Filter>소스 파일\template</Filter>
    </ClCompile>
    <ClCompile Include="exception_handling2.cpp">
      <Filter>소스 파일\Exception_handling</Filter>
    </ClCompile>
    <ClCompile Include="template2.cpp">
      <Filter>소스 파일\template</Filter>
    </ClCompile>
    <ClCompile Include="stl1.cpp">
      <Filter>소스 파일\STL</Filter>
    </ClCompile>
    <ClCompile Include="stl2.cpp">
      <Filter>소스 파일\STL</Filter>
    </ClCompile>
    <ClCompile Include="stl_priority_queue.cpp">
      <Filter>소스 파일\STL</Filter>
    </ClCompile>
    <ClCompile Include="stl_algorithm.cpp">
      <Filter>소스 파일\STL</Filter>
    </ClCompile>
    <ClCompile Include="lambda.cpp">
      <Filter>소스 파일\lambda</Filter>
    </ClCompile>
    <ClCompile Include="stl_example.cpp">
      <Filter>소스 파일\STL</Filter>
    </ClCompile>
    <ClCompile Include="template_ex1.cpp">
      <Filter>소스 파일\template</Filter>
    </ClCompile>
    <ClCompile Include="template_ex2.cpp">
      <Filter>소스 파일\template</Filter>
    </ClCompile>
    <ClCompile Include="template_ex3.cpp">
      <Filter>소스 파일\template</Filter>
    </ClCompile>
    <ClCompile Include="vector_list_erase.cpp">
      <Filter>소스 파일\template</Filter>
    </ClCompile>
    <ClCompile Include="stack_queue.cpp">
      <Filter>소스 파일\template</Filter>
    </ClCompile>
    <ClCompile Include="deque.cpp">
      <Filter>소스 파일\template</Filter>
    </ClCompile>
    <ClCompile Include="priority_queue.cpp">
      <Filter>소스 파일\template</Filter>
    </ClCompile>
    <ClCompile Include="set_map.cpp">
      <Filter>소스 파일\template</Filter>
    </ClCompile>
    <ClCompile Include="1_1.cpp">
      <Filter>소스 파일\exmaple\chapter_1</Filter>
    </ClCompile>
    <ClCompile Include="1_2.cpp">
      <Filter>소스 파일\exmaple\chapter_1</Filter>
    </ClCompile>
    <ClCompile Include="1_3.cpp">
      <Filter>소스 파일\exmaple\chapter_1</Filter>
    </ClCompile>
    <ClCompile Include="1_4.cpp">
      <Filter>소스 파일\exmaple\chapter_1</Filter>
    </ClCompile>
    <ClCompile Include="1_5.cpp">
      <Filter>소스 파일\exmaple\chapter_1</Filter>
    </ClCompile>
    <ClCompile Include="2_1.cpp">
      <Filter>소스 파일\exmaple\chapter_2</Filter>
    </ClCompile>
    <ClCompile Include="copy_constructor_checking.cpp">
      <Filter>소스 파일\exmaple\chapter_2</Filter>
    </ClCompile>
    <ClCompile Include="2_2.cpp">
      <Filter>소스 파일\exmaple\chapter_2</Filter>
    </ClCompile>
    <ClCompile Include="2_3.cpp">
      <Filter>소스 파일\exmaple\chapter_2</Filter>
    </ClCompile>
    <ClCompile Include="2_4.cpp">
      <Filter>소스 파일\exmaple\chapter_2</Filter>
    </ClCompile>
    <ClCompile Include="2_5.cpp">
      <Filter>소스 파일\exmaple\chapter_2</Filter>
    </ClCompile>
    <ClCompile Include="3_1.cpp">
      <Filter>소스 파일\exmaple\chapter_3</Filter>
    </ClCompile>
    <ClCompile Include="3_2.cpp">
      <Filter>소스 파일\exmaple\chapter_3</Filter>
    </ClCompile>
    <ClCompile Include="3_3.cpp">
      <Filter>소스 파일\exmaple\chapter_3</Filter>
    </ClCompile>
    <ClCompile Include="3_4.cpp">
      <Filter>소스 파일\exmaple\chapter_3</Filter>
    </ClCompile>
    <ClCompile Include="3_5.cpp">
      <Filter>소스 파일\exmaple\chapter_3</Filter>
    </ClCompile>
    <ClCompile Include="4_1.cpp">
      <Filter>소스 파일\exmaple\chapter_4</Filter>
    </ClCompile>
    <ClCompile Include="4_2.cpp">
      <Filter>소스 파일\exmaple\chapter_4</Filter>
    </ClCompile>
    <ClCompile Include="4_3.cpp">
      <Filter>소스 파일\exmaple\chapter_4</Filter>
    </ClCompile>
    <ClCompile Include="4_4.cpp">
      <Filter>소스 파일\exmaple\chapter_4</Filter>
    </ClCompile>
    <ClCompile Include="4_5.cpp">
      <Filter>소스 파일\exmaple\chapter_4</Filter>
    </ClCompile>
    <ClCompile Include="4_6_7.cpp">
      <Filter>소스 파일\exmaple\chapter_4</Filter>
    </ClCompile>
    <ClCompile Include="5_1.cpp">
      <Filter>소스 파일\exmaple\chapter_5</Filter>
    </ClCompile>
    <ClCompile Include="5_2.cpp">
      <Filter>소스 파일\exmaple\chapter_5</Filter>
    </ClCompile>
    <ClCompile Include="5_3.cpp">
      <Filter>소스 파일\exmaple\chapter_5</Filter>
    </ClCompile>
    <ClCompile Include="5_4.cpp">
      <Filter>소스 파일\exmaple\chapter_5</Filter>
    </ClCompile>
    <ClCompile Include="5_5.cpp">
      <Filter>소스 파일\exmaple\chapter_5</Filter>
    </ClCompile>
    <ClCompile Include="6_1.cpp">
      <Filter>소스 파일\exmaple\chapter_6</Filter>
    </ClCompile>
    <ClCompile Include="6_2.cpp">
      <Filter>소스 파일\exmaple\chapter_6</Filter>
    </ClCompile>
    <ClCompile Include="6_3.cpp">
      <Filter>소스 파일\exmaple\chapter_6</Filter>
    </ClCompile>
    <ClCompile Include="6_4.cpp">
      <Filter>소스 파일\exmaple\chapter_6</Filter>
    </ClCompile>
    <ClCompile Include="6_5.cpp">
      <Filter>소스 파일\exmaple\chapter_6</Filter>
    </ClCompile>
    <ClCompile Include="7_6.cpp">
      <Filter>소스 파일\exmaple\chapter_7</Filter>
    </ClCompile>
    <ClCompile Include="7_1.cpp">
      <Filter>소스 파일\exmaple\chapter_7</Filter>
    </ClCompile>
    <ClCompile Include="7_2.cpp">
      <Filter>소스 파일\exmaple\chapter_7</Filter>
    </ClCompile>
    <ClCompile Include="7_3.cpp">
      <Filter>소스 파일\exmaple\chapter_7</Filter>
    </ClCompile>
    <ClCompile Include="7_4.cpp">
      <Filter>소스 파일\exmaple\chapter_7</Filter>
    </ClCompile>
    <ClCompile Include="7_5.cpp">
      <Filter>소스 파일\exmaple\chapter_7</Filter>
    </ClCompile>
    <ClCompile Include="8_1.cpp">
      <Filter>소스 파일\exmaple\chapter_8</Filter>
    </ClCompile>
    <ClCompile Include="8_2.cpp">
      <Filter>소스 파일\exmaple\chapter_8</Filter>
    </ClCompile>
    <ClCompile Include="8_3.cpp">
      <Filter>소스 파일\exmaple\chapter_8</Filter>
    </ClCompile>
    <ClCompile Include="8_4.cpp">
      <Filter>소스 파일\exmaple\chapter_8</Filter>
    </ClCompile>
    <ClCompile Include="8_5.cpp">
      <Filter>소스 파일\exmaple\chapter_8</Filter>
    </ClCompile>
    <ClCompile Include="8_6.cpp">
      <Filter>소스 파일\exmaple\chapter_8</Filter>
    </ClCompile>
    <ClCompile Include="8_7.cpp">
      <Filter>소스 파일\exmaple\chapter_8</Filter>
    </ClCompile>
    <ClCompile Include="8_4_set.cpp">
      <Filter>소스 파일\exmaple\chapter_8</Filter>
    </ClCompile>
    <ClCompile Include="6_6_7.cpp">
      <Filter>소스 파일\exmaple\chapter_6</Filter>
    </ClCompile>
    <ClCompile Include="ex1.cpp">
      <Filter>소스 파일\exmaple\chapter_8</Filter>
    </ClCompile>
    <ClCompile Include="ex2.cpp">
      <Filter>소스 파일\exmaple\chapter_8</Filter>
    </ClCompile>
    <ClCompile Include="ex3.cpp">
      <Filter>소스 파일\exmaple\chapter_8</Filter>
    </ClCompile>
  </ItemGroup>
</Project>